
Microsoft Visual Studio Solution File, Format Version 12.00
# Visual Studio Version 17
VisualStudioVersion = 17.7.34018.315
MinimumVisualStudioVersion = 10.0.40219.1
Project("{FAE04EC0-301F-11D3-BF4B-00C04F79EFBC}") = "AzureFunctionSPOIntegration", "AzureFunctionSPOIntegration.csproj", "{47131D42-CF59-4132-98D5-BD941682CA4A}"
EndProject
Global
	GlobalSection(SolutionConfigurationPlatforms) = preSolution
		Debug|Any CPU = Debug|Any CPU
		Release|Any CPU = Release|Any CPU
	EndGlobalSection
	GlobalSection(ProjectConfigurationPlatforms) = postSolution
		{47131D42-CF59-4132-98D5-BD941682CA4A}.Debug|Any CPU.ActiveCfg = Debug|Any CPU
		{47131D42-CF59-4132-98D5-BD941682CA4A}.Debug|Any CPU.Build.0 = Debug|Any CPU
		{47131D42-CF59-4132-98D5-BD941682CA4A}.Release|Any CPU.ActiveCfg = Release|Any CPU
		{47131D42-CF59-4132-98D5-BD941682CA4A}.Release|Any CPU.Build.0 = Release|Any CPU
	EndGlobalSection
	GlobalSection(SolutionProperties) = preSolution
		HideSolutionNode = FALSE
	EndGlobalSection
	GlobalSection(ExtensibilityGlobals) = postSolution
		SolutionGuid = {3049B486-A7B1-44AC-A29B-2476590809A8}
	EndGlobalSection
EndGlobal
